
Microsoft Visual Studio Solution File, Format Version 12.00
# Visual Studio Version 17
VisualStudioVersion = 17.12.35514.174
MinimumVisualStudioVersion = 10.0.40219.1
Project("{FAE04EC0-301F-11D3-BF4B-00C04F79EFBC}") = "MvcWhatsUp", "MvcWhatsUp\MvcWhatsUp.csproj", "{9543DBCF-B0E7-4BEC-9B6E-DFF45A88009C}"
EndProject
Global
	GlobalSection(SolutionConfigurationPlatforms) = preSolution
		Debug|Any CPU = Debug|Any CPU
		Release|Any CPU = Release|Any CPU
	EndGlobalSection
	GlobalSection(ProjectConfigurationPlatforms) = postSolution
		{9543DBCF-B0E7-4BEC-9B6E-DFF45A88009C}.Debug|Any CPU.ActiveCfg = Debug|Any CPU
		{9543DBCF-B0E7-4BEC-9B6E-DFF45A88009C}.Debug|Any CPU.Build.0 = Debug|Any CPU
		{9543DBCF-B0E7-4BEC-9B6E-DFF45A88009C}.Release|Any CPU.ActiveCfg = Release|Any CPU
		{9543DBCF-B0E7-4BEC-9B6E-DFF45A88009C}.Release|Any CPU.Build.0 = Release|Any CPU
	EndGlobalSection
	GlobalSection(SolutionProperties) = preSolution
		HideSolutionNode = FALSE
	EndGlobalSection
EndGlobal
